
Microsoft Visual Studio Solution File, Format Version 11.00
# Visual Studio 2010
Project("{FAE04EC0-301F-11D3-BF4B-00C04F79EFBC}") = "Jabbot.TwitterNotifierSprocket", "Jabbot.TwitterNotifierSprocket\Jabbot.TwitterNotifierSprocket.csproj", "{76D43348-ABF4-422D-A06E-92E4F484481F}"
EndProject
Global
	GlobalSection(SolutionConfigurationPlatforms) = preSolution
		Debug|Any CPU = Debug|Any CPU
		Release|Any CPU = Release|Any CPU
	EndGlobalSection
	GlobalSection(ProjectConfigurationPlatforms) = postSolution
		{76D43348-ABF4-422D-A06E-92E4F484481F}.Debug|Any CPU.ActiveCfg = Debug|Any CPU
		{76D43348-ABF4-422D-A06E-92E4F484481F}.Debug|Any CPU.Build.0 = Debug|Any CPU
		{76D43348-ABF4-422D-A06E-92E4F484481F}.Release|Any CPU.ActiveCfg = Release|Any CPU
		{76D43348-ABF4-422D-A06E-92E4F484481F}.Release|Any CPU.Build.0 = Release|Any CPU
	EndGlobalSection
	GlobalSection(SolutionProperties) = preSolution
		HideSolutionNode = FALSE
	EndGlobalSection
EndGlobal
